
Microsoft Visual Studio Solution File, Format Version 12.00
# Visual Studio Version 17
VisualStudioVersion = 17.3.32804.467
MinimumVisualStudioVersion = 10.0.40219.1
Project("{9A19103F-16F7-4668-BE54-9A1E7A4F7556}") = "DesafioPOO", "DesafioPOO.csproj", "{673108E5-1ACA-4D3B-82E1-1F73DAC750C6}"
EndProject
Global
	GlobalSection(SolutionConfigurationPlatforms) = preSolution
		Debug|Any CPU = Debug|Any CPU
		Release|Any CPU = Release|Any CPU
	EndGlobalSection
	GlobalSection(ProjectConfigurationPlatforms) = postSolution
		{673108E5-1ACA-4D3B-82E1-1F73DAC750C6}.Debug|Any CPU.ActiveCfg = Debug|Any CPU
		{673108E5-1ACA-4D3B-82E1-1F73DAC750C6}.Debug|Any CPU.Build.0 = Debug|Any CPU
		{673108E5-1ACA-4D3B-82E1-1F73DAC750C6}.Release|Any CPU.ActiveCfg = Release|Any CPU
		{673108E5-1ACA-4D3B-82E1-1F73DAC750C6}.Release|Any CPU.Build.0 = Release|Any CPU
	EndGlobalSection
	GlobalSection(SolutionProperties) = preSolution
		HideSolutionNode = FALSE
	EndGlobalSection
	GlobalSection(ExtensibilityGlobals) = postSolution
		SolutionGuid = {069C3EF4-7E38-44A3-B83E-1AEAE653CEDC}
	EndGlobalSection
EndGlobal
